version = 1
revision = 3
requires-python = ">=3.11"

[[package]]
name = "pypdf"
version = "6.15.0"
source = { registry = "https://pypi.org/simple" }
sdist = { url = "https://files.pythonhosted.org/packages/17/17/ee75a92718ec7212de831e71454d702225aa5e474a805cce169806044453/pypdf-6.15.0.tar.gz", hash = "sha256:d39c4d955a76409284a905e2d65b40076d77ab76129e0faaeeb6612403ecfc79", size = 6993794, upload-time = "2026-08-06T13:06:49.929Z" }
wheels = [
    { url = "https://files.pythonhosted.org/packages/af/72/ce3067ac31e214a66388159f8462ddb8c13dd00170f24d555a1f1ae8ee91/pypdf-6.15.0-py3-none-any.whl", hash = "sha256:14e001d6504822cb1ca9c7ed9a69bccb320f59b320730f55af804361abe4d5ee", size = 378123, upload-time = "2026-08-06T13:06:47.709Z" },
]

[[package]]
name = "wsum"
version = "0.1.0"
source = { virtual = "." }
dependencies = [
    { name = "pypdf" },
]

[package.metadata]
requires-dist = [{ name = "pypdf", specifier = ">=6.15.0,<7" }]
